
Microsoft Visual Studio Solution File, Format Version 12.00
# Visual Studio 2013
VisualStudioVersion = 12.0.21005.1
MinimumVisualStudioVersion = 10.0.40219.1
Project("{FAE04EC0-301F-11D3-BF4B-00C04F79EFBC}") = "WebApplication_LisenceFileTest", "WebApplication_LisenceFileTest\WebApplication_LisenceFileTest.csproj", "{078E9478-4C28-4A15-8EEE-BC33354E3D4F}"
EndProject
Project("{FAE04EC0-301F-11D3-BF4B-00C04F79EFBC}") = "Tool_MachineCode", "Tool_MachineCode\Tool_MachineCode.csproj", "{61226FDE-0A02-4CFB-A2B8-2C7D43E020CC}"
EndProject
Project("{FAE04EC0-301F-11D3-BF4B-00C04F79EFBC}") = "WindowsForms_LisenceFileTest", "WindowsForms_LisenceFileTest\WindowsForms_LisenceFileTest.csproj", "{1F3B3802-387E-4CFF-A72A-21623CAA844E}"
EndProject
Global
	GlobalSection(SolutionConfigurationPlatforms) = preSolution
		Debug|Any CPU = Debug|Any CPU
		Release|Any CPU = Release|Any CPU
	EndGlobalSection
	GlobalSection(ProjectConfigurationPlatforms) = postSolution
		{078E9478-4C28-4A15-8EEE-BC33354E3D4F}.Debug|Any CPU.ActiveCfg = Debug|Any CPU
		{078E9478-4C28-4A15-8EEE-BC33354E3D4F}.Debug|Any CPU.Build.0 = Debug|Any CPU
		{078E9478-4C28-4A15-8EEE-BC33354E3D4F}.Release|Any CPU.ActiveCfg = Release|Any CPU
		{078E9478-4C28-4A15-8EEE-BC33354E3D4F}.Release|Any CPU.Build.0 = Release|Any CPU
		{61226FDE-0A02-4CFB-A2B8-2C7D43E020CC}.Debug|Any CPU.ActiveCfg = Debug|Any CPU
		{61226FDE-0A02-4CFB-A2B8-2C7D43E020CC}.Debug|Any CPU.Build.0 = Debug|Any CPU
		{61226FDE-0A02-4CFB-A2B8-2C7D43E020CC}.Release|Any CPU.ActiveCfg = Release|Any CPU
		{61226FDE-0A02-4CFB-A2B8-2C7D43E020CC}.Release|Any CPU.Build.0 = Release|Any CPU
		{1F3B3802-387E-4CFF-A72A-21623CAA844E}.Debug|Any CPU.ActiveCfg = Debug|Any CPU
		{1F3B3802-387E-4CFF-A72A-21623CAA844E}.Debug|Any CPU.Build.0 = Debug|Any CPU
		{1F3B3802-387E-4CFF-A72A-21623CAA844E}.Release|Any CPU.ActiveCfg = Release|Any CPU
		{1F3B3802-387E-4CFF-A72A-21623CAA844E}.Release|Any CPU.Build.0 = Release|Any CPU
	EndGlobalSection
	GlobalSection(SolutionProperties) = preSolution
		HideSolutionNode = FALSE
	EndGlobalSection
EndGlobal
